
Microsoft Visual Studio Solution File, Format Version 12.00
# Visual Studio 14
VisualStudioVersion = 14.0.25420.1
MinimumVisualStudioVersion = 10.0.40219.1
Project("{2150E333-8FDC-42A3-9474-1A3956D46DE8}") = "Solution Items", "Solution Items", "{0182033A-8C29-4A71-940E-DD112E7186E8}"
	ProjectSection(SolutionItems) = preProject
		global.json = global.json
		Jenkinsfile = Jenkinsfile
		README.md = README.md
	EndProjectSection
EndProject
Project("{8BB2217D-0F2D-49D1-97BC-3654ED321F3B}") = "dotnet-version", "dotnet-version\dotnet-version.xproj", "{40B39E04-E643-4007-A91C-CB1EF933EB56}"
EndProject
Project("{8BB2217D-0F2D-49D1-97BC-3654ED321F3B}") = "dotnet-version.Test", "dotnet-version.Test\dotnet-version.Test.xproj", "{E937A07D-7008-4CBA-8270-A08E62496EFF}"
EndProject
Global
	GlobalSection(SolutionConfigurationPlatforms) = preSolution
		Debug|Any CPU = Debug|Any CPU
		Release|Any CPU = Release|Any CPU
	EndGlobalSection
	GlobalSection(ProjectConfigurationPlatforms) = postSolution
		{40B39E04-E643-4007-A91C-CB1EF933EB56}.Debug|Any CPU.ActiveCfg = Debug|Any CPU
		{40B39E04-E643-4007-A91C-CB1EF933EB56}.Debug|Any CPU.Build.0 = Debug|Any CPU
		{40B39E04-E643-4007-A91C-CB1EF933EB56}.Release|Any CPU.ActiveCfg = Release|Any CPU
		{40B39E04-E643-4007-A91C-CB1EF933EB56}.Release|Any CPU.Build.0 = Release|Any CPU
		{E937A07D-7008-4CBA-8270-A08E62496EFF}.Debug|Any CPU.ActiveCfg = Debug|Any CPU
		{E937A07D-7008-4CBA-8270-A08E62496EFF}.Debug|Any CPU.Build.0 = Debug|Any CPU
		{E937A07D-7008-4CBA-8270-A08E62496EFF}.Release|Any CPU.ActiveCfg = Release|Any CPU
		{E937A07D-7008-4CBA-8270-A08E62496EFF}.Release|Any CPU.Build.0 = Release|Any CPU
	EndGlobalSection
	GlobalSection(SolutionProperties) = preSolution
		HideSolutionNode = FALSE
	EndGlobalSection
EndGlobal
